
Microsoft Visual Studio Solution File, Format Version 12.00
# Visual Studio Version 16
VisualStudioVersion = 16.0.31727.386
MinimumVisualStudioVersion = 10.0.40219.1
Project("{FAE04EC0-301F-11D3-BF4B-00C04F79EFBC}") = "DiaApiSimulator", "DiaApiSimulator\DiaApiSimulator.csproj", "{BE26AC8F-1B9D-4D32-9BAD-EABDC494AA1E}"
EndProject
Global
	GlobalSection(SolutionConfigurationPlatforms) = preSolution
		Debug|Any CPU = Debug|Any CPU
		Release|Any CPU = Release|Any CPU
	EndGlobalSection
	GlobalSection(ProjectConfigurationPlatforms) = postSolution
		{BE26AC8F-1B9D-4D32-9BAD-EABDC494AA1E}.Debug|Any CPU.ActiveCfg = Debug|Any CPU
		{BE26AC8F-1B9D-4D32-9BAD-EABDC494AA1E}.Debug|Any CPU.Build.0 = Debug|Any CPU
		{BE26AC8F-1B9D-4D32-9BAD-EABDC494AA1E}.Release|Any CPU.ActiveCfg = Release|Any CPU
		{BE26AC8F-1B9D-4D32-9BAD-EABDC494AA1E}.Release|Any CPU.Build.0 = Release|Any CPU
	EndGlobalSection
	GlobalSection(SolutionProperties) = preSolution
		HideSolutionNode = FALSE
	EndGlobalSection
	GlobalSection(ExtensibilityGlobals) = postSolution
		SolutionGuid = {A9920211-A40B-4E84-AD37-25A040D9B95B}
	EndGlobalSection
EndGlobal
